
Microsoft Visual Studio Solution File, Format Version 12.00
# Visual Studio 15
Project("{FAE04EC0-301F-11D3-BF4B-00C04F79EFBC}") = "Assembly-CSharp", "Assembly-CSharp.csproj", "{4A823D37-DE16-DAEC-9B58-DCD7D7F85710}"
EndProject
Project("{FAE04EC0-301F-11D3-BF4B-00C04F79EFBC}") = "Assembly-CSharp-Editor", "Assembly-CSharp-Editor.csproj", "{CEDF249E-CA6A-4162-0EAC-4172773537EF}"
EndProject
Global
	GlobalSection(SolutionConfigurationPlatforms) = preSolution
		Debug|Any CPU = Debug|Any CPU
		Release|Any CPU = Release|Any CPU
	EndGlobalSection
	GlobalSection(ProjectConfigurationPlatforms) = postSolution
		{4A823D37-DE16-DAEC-9B58-DCD7D7F85710}.Debug|Any CPU.ActiveCfg = Debug|Any CPU
		{4A823D37-DE16-DAEC-9B58-DCD7D7F85710}.Debug|Any CPU.Build.0 = Debug|Any CPU
		{4A823D37-DE16-DAEC-9B58-DCD7D7F85710}.Release|Any CPU.ActiveCfg = Release|Any CPU
		{4A823D37-DE16-DAEC-9B58-DCD7D7F85710}.Release|Any CPU.Build.0 = Release|Any CPU
		{CEDF249E-CA6A-4162-0EAC-4172773537EF}.Debug|Any CPU.ActiveCfg = Debug|Any CPU
		{CEDF249E-CA6A-4162-0EAC-4172773537EF}.Debug|Any CPU.Build.0 = Debug|Any CPU
		{CEDF249E-CA6A-4162-0EAC-4172773537EF}.Release|Any CPU.ActiveCfg = Release|Any CPU
		{CEDF249E-CA6A-4162-0EAC-4172773537EF}.Release|Any CPU.Build.0 = Release|Any CPU
	EndGlobalSection
	GlobalSection(SolutionProperties) = preSolution
		HideSolutionNode = FALSE
	EndGlobalSection
EndGlobal
